
Microsoft Visual Studio Solution File, Format Version 12.00
# Visual Studio Version 16
VisualStudioVersion = 16.0.32228.343
MinimumVisualStudioVersion = 10.0.40219.1
Project("{8BC9CEB8-8B4A-11D0-8D11-00A0C91BC942}") = "4.18", "4.18\4.18.vcxproj", "{7CD73C94-CB72-475F-97F7-3CD9D685FDB5}"
EndProject
Global
	GlobalSection(SolutionConfigurationPlatforms) = preSolution
		Debug|x64 = Debug|x64
		Debug|x86 = Debug|x86
		Release|x64 = Release|x64
		Release|x86 = Release|x86
	EndGlobalSection
	GlobalSection(ProjectConfigurationPlatforms) = postSolution
		{7CD73C94-CB72-475F-97F7-3CD9D685FDB5}.Debug|x64.ActiveCfg = Debug|x64
		{7CD73C94-CB72-475F-97F7-3CD9D685FDB5}.Debug|x64.Build.0 = Debug|x64
		{7CD73C94-CB72-475F-97F7-3CD9D685FDB5}.Debug|x86.ActiveCfg = Debug|Win32
		{7CD73C94-CB72-475F-97F7-3CD9D685FDB5}.Debug|x86.Build.0 = Debug|Win32
		{7CD73C94-CB72-475F-97F7-3CD9D685FDB5}.Release|x64.ActiveCfg = Release|x64
		{7CD73C94-CB72-475F-97F7-3CD9D685FDB5}.Release|x64.Build.0 = Release|x64
		{7CD73C94-CB72-475F-97F7-3CD9D685FDB5}.Release|x86.ActiveCfg = Release|Win32
		{7CD73C94-CB72-475F-97F7-3CD9D685FDB5}.Release|x86.Build.0 = Release|Win32
	EndGlobalSection
	GlobalSection(SolutionProperties) = preSolution
		HideSolutionNode = FALSE
	EndGlobalSection
	GlobalSection(ExtensibilityGlobals) = postSolution
		SolutionGuid = {8CB9CC6B-DA8B-4BBA-8827-4F958C499198}
	EndGlobalSection
EndGlobal
